{
  "name": "mdc",
  "version": "1.0.0",
  "lockfileVersion": 1,
  "requires": true,
  "dependencies": {
    "@material/animation": {
      "version": "1.0.0",
      "resolved": "https://registry.npmjs.org/@material/animation/-/animation-1.0.0.tgz",
      "integrity": "sha512-Ed5/vggn6ZhSJ87yn3ZS1d826VJNFz73jHF2bSsgRtHDoB8KCuOwQMfdgAgDa4lKDF6CDIPCKBZPKrs2ubehdw==",
      "requires": {
        "tslib": "^1.9.3"
      }
    },
    "@material/base": {
      "version": "1.0.0",
      "resolved": "https://registry.npmjs.org/@material/base/-/base-1.0.0.tgz",
      "integrity": "sha512-5dxFp46x5FA+Epg6YHLzN+5zRt9S2wR84UdvVAEJ1egea94m9UHUg7y9tAnNSN16aexRSywmzyLwPr+i8PGEYA==",
      "requires": {
        "tslib": "^1.9.3"
      }
    },
    "@material/button": {
      "version": "1.0.1",
      "resolved": "https://registry.npmjs.org/@material/button/-/button-1.0.1.tgz",
      "integrity": "sha512-gMGuAlG9ETKH14Up4RAH87Z+51NkU725C4H7J0AnICzG75Rto8PtpMqNu5+w/c1cQM1Hudc8JfsflneMEZ10oA==",
      "requires": {
        "@material/elevation": "^1.0.0",
        "@material/feature-targeting": "^0.44.1",
        "@material/ripple": "^1.0.1",
        "@material/rtl": "^0.42.0",
        "@material/shape": "^1.0.0",
        "@material/theme": "^1.0.0",
        "@material/typography": "^1.0.0"
      }
    },
    "@material/dom": {
      "version": "1.0.1",
      "resolved": "https://registry.npmjs.org/@material/dom/-/dom-1.0.1.tgz",
      "integrity": "sha512-7gb9Tk8YBn2fLEa5fJfvDexG0QxvRGDb8c6uZEhvK4bTd2ZHCfHg9KrO+smC6Trbn5jC+FsBvdRZBbMjtS/E4g==",
      "requires": {
        "tslib": "^1.9.3"
      }
    },
    "@material/drawer": {
      "version": "1.0.1",
      "resolved": "https://registry.npmjs.org/@material/drawer/-/drawer-1.0.1.tgz",
      "integrity": "sha512-xgpWg2MZVFWU0MX+H4MmWA0XQO0cxF1XFA0KdyV+7W0bdzpI1x8itM8Xh0suyzqyqDc+GMHG/OxP8KYUv40jeg==",
      "requires": {
        "@material/animation": "^1.0.0",
        "@material/base": "^1.0.0",
        "@material/elevation": "^1.0.0",
        "@material/list": "^1.0.1",
        "@material/ripple": "^1.0.1",
        "@material/rtl": "^0.42.0",
        "@material/shape": "^1.0.0",
        "@material/theme": "^1.0.0",
        "@material/typography": "^1.0.0",
        "focus-trap": "^4.0.2",
        "tslib": "^1.9.3"
      }
    },
    "@material/elevation": {
      "version": "1.0.0",
      "resolved": "https://registry.npmjs.org/@material/elevation/-/elevation-1.0.0.tgz",
      "integrity": "sha512-TqmvEXmZDYLm2X5lEnjKCsZMDkCXpxFFxL22AfCAQB5L4d0gAS7vqDEE797y4Rp+BBKEcOP71mum1l56RI3NBQ==",
      "requires": {
        "@material/animation": "^1.0.0",
        "@material/feature-targeting": "^0.44.1",
        "@material/theme": "^1.0.0"
      }
    },
    "@material/feature-targeting": {
      "version": "0.44.1",
      "resolved": "https://registry.npmjs.org/@material/feature-targeting/-/feature-targeting-0.44.1.tgz",
      "integrity": "sha512-90cc7njn4aHbH9UxY8qgZth1W5JgOgcEdWdubH1t7sFkwqFxS5g3zgxSBt46TygFBVIXNZNq35Xmg80wgqO7Pg=="
    },
    "@material/floating-label": {
      "version": "1.0.0",
      "resolved": "https://registry.npmjs.org/@material/floating-label/-/floating-label-1.0.0.tgz",
      "integrity": "sha512-yESFi8HEUO0PmPWvaU3VW4X8+xaoFHhj2xGxLPu2hGye4ZBjTpmjOX6y1vwYqZLD5KWXj91k695UAT6J2wtWFQ==",
      "requires": {
        "@material/animation": "^1.0.0",
        "@material/base": "^1.0.0",
        "@material/rtl": "^0.42.0",
        "@material/theme": "^1.0.0",
        "@material/typography": "^1.0.0",
        "tslib": "^1.9.3"
      }
    },
    "@material/line-ripple": {
      "version": "1.0.0",
      "resolved": "https://registry.npmjs.org/@material/line-ripple/-/line-ripple-1.0.0.tgz",
      "integrity": "sha512-sFFpoFXVnqkknkac5bCrMhKGacay26AWVFfc3acaEGjQgkvF8VBV/bS41+CioACyubpc4JL69PU9Um/t7xAQVw==",
      "requires": {
        "@material/animation": "^1.0.0",
        "@material/base": "^1.0.0",
        "@material/theme": "^1.0.0",
        "tslib": "^1.9.3"
      }
    },
    "@material/linear-progress": {
      "version": "1.0.0",
      "resolved": "https://registry.npmjs.org/@material/linear-progress/-/linear-progress-1.0.0.tgz",
      "integrity": "sha512-iMdxZZrGtQgBpwioTMgH3/KntEN7ZtYp328jJ1EExKchyb6ixwUabwMrbPoDTbzaAI5eoB1QKQPsOfhuR7sIzQ==",
      "requires": {
        "@material/animation": "^1.0.0",
        "@material/base": "^1.0.0",
        "@material/theme": "^1.0.0",
        "tslib": "^1.9.3"
      }
    },
    "@material/list": {
      "version": "1.0.1",
      "resolved": "https://registry.npmjs.org/@material/list/-/list-1.0.1.tgz",
      "integrity": "sha512-u9Bx+mghPy2qCHcSH2b0+0jbjTtkXNdiWjb8JDQcYmOUTfFoeQ16GqvjTybRPwoKA0UC9Hc/4U8gYvnK+bReRw==",
      "requires": {
        "@material/base": "^1.0.0",
        "@material/dom": "^1.0.1",
        "@material/feature-targeting": "^0.44.1",
        "@material/ripple": "^1.0.1",
        "@material/rtl": "^0.42.0",
        "@material/shape": "^1.0.0",
        "@material/theme": "^1.0.0",
        "@material/typography": "^1.0.0",
        "tslib": "^1.9.3"
      }
    },
    "@material/menu": {
      "version": "1.0.1",
      "resolved": "https://registry.npmjs.org/@material/menu/-/menu-1.0.1.tgz",
      "integrity": "sha512-fmBBHADc4hlp/yJSRHY+rjO0mzMYajSrTdXVycAv/pyml7VsjMa2MUf6NTSUpzpJf/snGcbfXo5RDJOGP1VbXg==",
      "requires": {
        "@material/base": "^1.0.0",
        "@material/feature-targeting": "^0.44.1",
        "@material/list": "^1.0.1",
        "@material/menu-surface": "^1.0.1",
        "@material/ripple": "^1.0.1",
        "@material/rtl": "^0.42.0",
        "tslib": "^1.9.3"
      }
    },
    "@material/menu-surface": {
      "version": "1.0.1",
      "resolved": "https://registry.npmjs.org/@material/menu-surface/-/menu-surface-1.0.1.tgz",
      "integrity": "sha512-JFUa3kQ+NtpuK/mgWIcyhC1AClKmt9EQdW4SG2KQhPAGg0juWiZwyMySDIjf+V0buSUZXZ7N26bi32+Y1LvZ3w==",
      "requires": {
        "@material/animation": "^1.0.0",
        "@material/base": "^1.0.0",
        "@material/elevation": "^1.0.0",
        "@material/feature-targeting": "^0.44.1",
        "@material/rtl": "^0.42.0",
        "@material/shape": "^1.0.0",
        "@material/theme": "^1.0.0",
        "tslib": "^1.9.3"
      }
    },
    "@material/notched-outline": {
      "version": "1.0.0",
      "resolved": "https://registry.npmjs.org/@material/notched-outline/-/notched-outline-1.0.0.tgz",
      "integrity": "sha512-P33NGEJMoWaXfjCleEoZnW9ZUA5c4V+jatMcsx/LidYUyXpl5f70V28ZOjwten4z+yBTezdIOx1cyjYrIn8CJw==",
      "requires": {
        "@material/animation": "^1.0.0",
        "@material/base": "^1.0.0",
        "@material/floating-label": "^1.0.0",
        "@material/rtl": "^0.42.0",
        "@material/shape": "^1.0.0",
        "@material/theme": "^1.0.0",
        "tslib": "^1.9.3"
      }
    },
    "@material/ripple": {
      "version": "1.0.1",
      "resolved": "https://registry.npmjs.org/@material/ripple/-/ripple-1.0.1.tgz",
      "integrity": "sha512-aBigRoVMjIU2lLDq7TMocI2H2YFbO1hICs5FTdSRp4Yis/QFTrgaW32q8yuHdZI56j+b2BWIWapqA2xpSmCMXQ==",
      "requires": {
        "@material/animation": "^1.0.0",
        "@material/base": "^1.0.0",
        "@material/dom": "^1.0.1",
        "@material/feature-targeting": "^0.44.1",
        "@material/theme": "^1.0.0",
        "tslib": "^1.9.3"
      }
    },
    "@material/rtl": {
      "version": "0.42.0",
      "resolved": "https://registry.npmjs.org/@material/rtl/-/rtl-0.42.0.tgz",
      "integrity": "sha512-VrnrKJzhmspsN8WXHuxxBZ69yM5IwhCUqWr1t1eNfw3ZEvEj7i1g3P31HGowKThIN1dc1Wh4LE14rCISWCtv5w=="
    },
    "@material/select": {
      "version": "1.0.1",
      "resolved": "https://registry.npmjs.org/@material/select/-/select-1.0.1.tgz",
      "integrity": "sha512-DG2Ud5SVO0h+rugyX3hbfVRW1UPYnMCYeUBAYtx3Vyu1eoEh2b2478IRKpGOMzGZOn6jF4cPP6l9fSLHQs5ayQ==",
      "requires": {
        "@material/animation": "^1.0.0",
        "@material/base": "^1.0.0",
        "@material/floating-label": "^1.0.0",
        "@material/line-ripple": "^1.0.0",
        "@material/menu": "^1.0.1",
        "@material/menu-surface": "^1.0.1",
        "@material/notched-outline": "^1.0.0",
        "@material/ripple": "^1.0.1",
        "@material/rtl": "^0.42.0",
        "@material/shape": "^1.0.0",
        "@material/theme": "^1.0.0",
        "@material/typography": "^1.0.0",
        "tslib": "^1.9.3"
      }
    },
    "@material/shape": {
      "version": "1.0.0",
      "resolved": "https://registry.npmjs.org/@material/shape/-/shape-1.0.0.tgz",
      "integrity": "sha512-zfXEacPQZmH+ujVtaFyfAsYiF46j1QCcFzJeZVouG4pznrbA7XD6614Ywg0wbyWX5iB6hD52ld/IN+R/6oxKqA==",
      "requires": {
        "@material/feature-targeting": "^0.44.1"
      }
    },
    "@material/slider": {
      "version": "1.0.0",
      "resolved": "https://registry.npmjs.org/@material/slider/-/slider-1.0.0.tgz",
      "integrity": "sha512-34DoVKWeZf9tnHjWU7Zmbn59vSh3NZ9Px7dQlWeCek7p/27hQqK4Rd2SjuIK1ewV0BYpboS2KcUSSyB4gcScrg==",
      "requires": {
        "@material/animation": "^1.0.0",
        "@material/base": "^1.0.0",
        "@material/rtl": "^0.42.0",
        "@material/theme": "^1.0.0",
        "@material/typography": "^1.0.0",
        "tslib": "^1.9.3"
      }
    },
    "@material/switch": {
      "version": "1.0.1",
      "resolved": "https://registry.npmjs.org/@material/switch/-/switch-1.0.1.tgz",
      "integrity": "sha512-McSLQA+VQdNV+wT6pRLpvlXv7V2BLsUkyIuCog8+Cs0Gsi4Lgs17I6iqdzQi4tySAX+G7nl6vqdUem/udUJZmw==",
      "requires": {
        "@material/animation": "^1.0.0",
        "@material/base": "^1.0.0",
        "@material/dom": "^1.0.1",
        "@material/elevation": "^1.0.0",
        "@material/feature-targeting": "^0.44.1",
        "@material/ripple": "^1.0.1",
        "@material/rtl": "^0.42.0",
        "@material/theme": "^1.0.0",
        "tslib": "^1.9.3"
      }
    },
    "@material/tab": {
      "version": "1.0.1",
      "resolved": "https://registry.npmjs.org/@material/tab/-/tab-1.0.1.tgz",
      "integrity": "sha512-//JXHaL1ebTpR6Z1mZpd6Ltry/kD840HSI/NQRMCdjxKjdap3cVtNfjRZ5ST4snGEqihLQ7gsqfDg/XZ5k0j3g==",
      "requires": {
        "@material/base": "^1.0.0",
        "@material/ripple": "^1.0.1",
        "@material/rtl": "^0.42.0",
        "@material/tab-indicator": "^1.0.0",
        "@material/theme": "^1.0.0",
        "@material/typography": "^1.0.0",
        "tslib": "^1.9.3"
      }
    },
    "@material/tab-bar": {
      "version": "1.0.1",
      "resolved": "https://registry.npmjs.org/@material/tab-bar/-/tab-bar-1.0.1.tgz",
      "integrity": "sha512-zou4iUmTPW96uEepD3whGbkPeo4SvuaQCuR0FsRiBQA2fCdnGX2Eyn03GY5Kv41lDw9RpoEoMflkKU/njHK8gw==",
      "requires": {
        "@material/base": "^1.0.0",
        "@material/elevation": "^1.0.0",
        "@material/tab": "^1.0.1",
        "@material/tab-scroller": "^1.0.1",
        "tslib": "^1.9.3"
      }
    },
    "@material/tab-indicator": {
      "version": "1.0.0",
      "resolved": "https://registry.npmjs.org/@material/tab-indicator/-/tab-indicator-1.0.0.tgz",
      "integrity": "sha512-4wT+dAc6YOe7ASPt68soHSqKlr/VVl5JcS883M8I2kAtJe92BglsHYW2ALa9IdqwWcvhFaw0sXZKWohLRwibMw==",
      "requires": {
        "@material/animation": "^1.0.0",
        "@material/base": "^1.0.0",
        "@material/theme": "^1.0.0",
        "tslib": "^1.9.3"
      }
    },
    "@material/tab-scroller": {
      "version": "1.0.1",
      "resolved": "https://registry.npmjs.org/@material/tab-scroller/-/tab-scroller-1.0.1.tgz",
      "integrity": "sha512-WpOw710NbLlx3W/ZqAmeoBCon+6u6/PpoSusrh/Qvxats9hajc5bQUSfjm/grzEhZcqfyXN/bCoci3lBIbfWvw==",
      "requires": {
        "@material/animation": "^1.0.0",
        "@material/base": "^1.0.0",
        "@material/dom": "^1.0.1",
        "@material/tab": "^1.0.1",
        "tslib": "^1.9.3"
      }
    },
    "@material/textfield": {
      "version": "1.0.1",
      "resolved": "https://registry.npmjs.org/@material/textfield/-/textfield-1.0.1.tgz",
      "integrity": "sha512-1GNyQBc4u8wexSUwia2W/ALw7ok5bTc+kpTzx290TELELulhKooPubwYhbziZTm38YTXFUTVOVmXDom1fKfV2A==",
      "requires": {
        "@material/animation": "^1.0.0",
        "@material/base": "^1.0.0",
        "@material/dom": "^1.0.1",
        "@material/floating-label": "^1.0.0",
        "@material/line-ripple": "^1.0.0",
        "@material/notched-outline": "^1.0.0",
        "@material/ripple": "^1.0.1",
        "@material/rtl": "^0.42.0",
        "@material/shape": "^1.0.0",
        "@material/theme": "^1.0.0",
        "@material/typography": "^1.0.0",
        "tslib": "^1.9.3"
      }
    },
    "@material/theme": {
      "version": "1.0.0",
      "resolved": "https://registry.npmjs.org/@material/theme/-/theme-1.0.0.tgz",
      "integrity": "sha512-Bg/BQLU5MmCwtQ3DHcSs9DodZB8PTvuItv1wXrP54S/wBVwryIB5uMDmERhnItbNnAFbkKhlAuhn1asMmMzfkQ==",
      "requires": {
        "@material/feature-targeting": "^0.44.1"
      }
    },
    "@material/top-app-bar": {
      "version": "1.0.1",
      "resolved": "https://registry.npmjs.org/@material/top-app-bar/-/top-app-bar-1.0.1.tgz",
      "integrity": "sha512-CaKp9e6fF//kNd+42OBXetCpuCjBWRkdSKrBqKDzjC9Vi7WItFFCDtJvxz1++zcvWikngk6unYy0CLG9GDPRew==",
      "requires": {
        "@material/animation": "^1.0.0",
        "@material/base": "^1.0.0",
        "@material/elevation": "^1.0.0",
        "@material/ripple": "^1.0.1",
        "@material/rtl": "^0.42.0",
        "@material/shape": "^1.0.0",
        "@material/theme": "^1.0.0",
        "@material/typography": "^1.0.0",
        "tslib": "^1.9.3"
      }
    },
    "@material/typography": {
      "version": "1.0.0",
      "resolved": "https://registry.npmjs.org/@material/typography/-/typography-1.0.0.tgz",
      "integrity": "sha512-Oeqbjci1cC7jTE8/n3dwnkqKe9ZeWiaE+rgMtRYtRFw1HvAw14SpGA5EEAS/Li2Hu2KZ50FYCe3HYqShfxtChA==",
      "requires": {
        "@material/feature-targeting": "^0.44.1"
      }
    },
    "aurelia-binding": {
      "version": "2.2.1",
      "resolved": "https://registry.npmjs.org/aurelia-binding/-/aurelia-binding-2.2.1.tgz",
      "integrity": "sha512-QH4Y+Kvc57rS7EgpIJcndUmMVmPlTMGvElFGa37ukjPEnX/baS3/Oggalc9C6bC3RgdbiN8y7iIJBCXvnCy/jg==",
      "requires": {
        "aurelia-logging": "^1.0.0",
        "aurelia-metadata": "^1.0.0",
        "aurelia-pal": "^1.0.0",
        "aurelia-task-queue": "^1.0.0"
      }
    },
    "aurelia-dependency-injection": {
      "version": "1.4.2",
      "resolved": "https://registry.npmjs.org/aurelia-dependency-injection/-/aurelia-dependency-injection-1.4.2.tgz",
      "integrity": "sha512-NddvPLnKx6VQA70BXa1sfaLeEqwBfNrMaTYdHSS9kKD20lBwsXHWBZtRQPgRg9LF8g4yFKjxEgRA9Ja6SFregA==",
      "requires": {
        "aurelia-metadata": "^1.0.0",
        "aurelia-pal": "^1.0.0"
      }
    },
    "aurelia-framework": {
      "version": "1.3.1",
      "resolved": "https://registry.npmjs.org/aurelia-framework/-/aurelia-framework-1.3.1.tgz",
      "integrity": "sha512-eKR+JnrVzYQ372pokHjfw+YfiGpFIO6yGOotGHkeLtIVZcVowX4oYe1HEkDe7/VXU3f6cDILoYkNIwrZUBij0g==",
      "requires": {
        "aurelia-binding": "^2.0.0",
        "aurelia-dependency-injection": "^1.0.0",
        "aurelia-loader": "^1.0.0",
        "aurelia-logging": "^1.0.0",
        "aurelia-metadata": "^1.0.0",
        "aurelia-pal": "^1.0.0",
        "aurelia-path": "^1.0.0",
        "aurelia-task-queue": "^1.0.0",
        "aurelia-templating": "^1.8.1"
      }
    },
    "aurelia-loader": {
      "version": "1.0.1",
      "resolved": "https://registry.npmjs.org/aurelia-loader/-/aurelia-loader-1.0.1.tgz",
      "integrity": "sha512-WPCZv5nH9l8jeyDk9+VnS8Zjip0zvHUzYLellg8MH0xrFXYvNRZDOJUIXHeAPaPNAjHbZmxBby4WV9KnKdvQ1A==",
      "requires": {
        "aurelia-metadata": "^1.0.0",
        "aurelia-path": "^1.0.0"
      }
    },
    "aurelia-logging": {
      "version": "1.5.1",
      "resolved": "https://registry.npmjs.org/aurelia-logging/-/aurelia-logging-1.5.1.tgz",
      "integrity": "sha512-HRycP+LrzAOsKN4bOQftP9aVztvVhsuvVZqHV9uuunK9peQCx38sTnC1mdC/qxoF+qFa7xVSVJh1xg8Whj1jrg=="
    },
    "aurelia-metadata": {
      "version": "1.0.5",
      "resolved": "https://registry.npmjs.org/aurelia-metadata/-/aurelia-metadata-1.0.5.tgz",
      "integrity": "sha512-7/xrjDXSSiPlwcw8CDh4GvtvKldfyl4IGUl9uIPhHLaAtC/i3ctBdSYIaosATY/3L/Yurc8zH1aJEhF01shL9w==",
      "requires": {
        "aurelia-pal": "^1.0.0"
      }
    },
    "aurelia-pal": {
      "version": "1.8.1",
      "resolved": "https://registry.npmjs.org/aurelia-pal/-/aurelia-pal-1.8.1.tgz",
      "integrity": "sha512-8QwwS/gHdxRh0+a6pKnyVA1/xHcZV1P1nH7Vai3k+HjVLwj1cnsF/TCDx9SGedhEQxDzIryL41k6OcjwZR94Ig=="
    },
    "aurelia-path": {
      "version": "1.1.2",
      "resolved": "https://registry.npmjs.org/aurelia-path/-/aurelia-path-1.1.2.tgz",
      "integrity": "sha512-g3bfQln0Z0RQzSl3sLk0WX7CGDZsBoj5ftkvV+o9jaHpCkwCKXPxVZ3TafsvomjnsfonxmYOsHRqbtqMR4WEcw=="
    },
    "aurelia-task-queue": {
      "version": "1.3.2",
      "resolved": "https://registry.npmjs.org/aurelia-task-queue/-/aurelia-task-queue-1.3.2.tgz",
      "integrity": "sha512-4a3TLUP6rN2RG9bW9g2yM6G4cE70sWXqAV1OAoYDgv9QHmlXFP8V/DEJxVjdcmEQwmtenRN+uQA0AkDORpgHUg==",
      "requires": {
        "aurelia-pal": "^1.0.0"
      }
    },
    "aurelia-templating": {
      "version": "1.10.1",
      "resolved": "https://registry.npmjs.org/aurelia-templating/-/aurelia-templating-1.10.1.tgz",
      "integrity": "sha512-GDClZWk+32SUYMsEttRFE3+dIbzZeDf5vl9dvuO6ULe+erTUOq2TUf9pHknWZuzoXXdGSD2qQnk+AEZZWW3MOQ==",
      "requires": {
        "aurelia-binding": "^2.0.0",
        "aurelia-dependency-injection": "^1.0.0",
        "aurelia-loader": "^1.0.0",
        "aurelia-logging": "^1.0.0",
        "aurelia-metadata": "^1.0.0",
        "aurelia-pal": "^1.0.0",
        "aurelia-path": "^1.0.0",
        "aurelia-task-queue": "^1.1.0"
      }
    },
    "focus-trap": {
      "version": "4.0.2",
      "resolved": "https://registry.npmjs.org/focus-trap/-/focus-trap-4.0.2.tgz",
      "integrity": "sha512-HtLjfAK7Hp2qbBtLS6wEznID1mPT+48ZnP2nkHzgjpL4kroYHg0CdqJ5cTXk+UO5znAxF5fRUkhdyfgrhh8Lzw==",
      "requires": {
        "tabbable": "^3.1.2",
        "xtend": "^4.0.1"
      }
    },
    "tabbable": {
      "version": "3.1.2",
      "resolved": "https://registry.npmjs.org/tabbable/-/tabbable-3.1.2.tgz",
      "integrity": "sha512-wjB6puVXTYO0BSFtCmWQubA/KIn7Xvajw0x0l6eJUudMG/EAiJvIUnyNX6xO4NpGrJ16lbD0eUseB9WxW0vlpQ=="
    },
    "tslib": {
      "version": "1.9.3",
      "resolved": "https://registry.npmjs.org/tslib/-/tslib-1.9.3.tgz",
      "integrity": "sha512-4krF8scpejhaOgqzBEcGM7yDIEfi0/8+8zDRZhNZZ2kjmHJ4hv3zCbQWxoJGz1iw5U0Jl0nma13xzHXcncMavQ=="
    },
    "xtend": {
      "version": "4.0.1",
      "resolved": "https://registry.npmjs.org/xtend/-/xtend-4.0.1.tgz",
      "integrity": "sha1-pcbVMr5lbiPbgg77lDofBJmNY68="
    }
  }
}
